// !$*UTF8*$!
{
	archiveVersion = 1;
	classes = {
	};
	objectVersion = 55;
	objects = {

/* Begin PBXBuildFile section */
		3E277FC62BBBF5B000AF3A15 /* ProfileViewModel.swift in Sources */ = {isa = PBXBuildFile; fileRef = 3E277FC52BBBF5B000AF3A15 /* ProfileViewModel.swift */; };
		3E277FC72BBBF5B000AF3A15 /* ProfileViewModel.swift in Sources */ = {isa = PBXBuildFile; fileRef = 3E277FC52BBBF5B000AF3A15 /* ProfileViewModel.swift */; };
		3E3ECCED2BBD4A61008E9DC8 /* Styles.swift in Sources */ = {isa = PBXBuildFile; fileRef = 3E3ECCEC2BBD4A61008E9DC8 /* Styles.swift */; };
		3EF134ED2BBD69A80081B4BF /* UIImagePickerController.swift in Sources */ = {isa = PBXBuildFile; fileRef = 3EF134EC2BBD69A80081B4BF /* UIImagePickerController.swift */; };
		91D5986A27DAA09E0044227E /* ProfileView.swift in Sources */ = {isa = PBXBuildFile; fileRef = 91D5986927DAA09E0044227E /* ProfileView.swift */; };
		91D5986B27DAA09E0044227E /* ProfileView.swift in Sources */ = {isa = PBXBuildFile; fileRef = 91D5986927DAA09E0044227E /* ProfileView.swift */; };
		C433D09727D012D100085882 /* SwiftUI_IntermediateApp.swift in Sources */ = {isa = PBXBuildFile; fileRef = C433D08727D012CF00085882 /* SwiftUI_IntermediateApp.swift */; };
		C433D09827D012D100085882 /* SwiftUI_IntermediateApp.swift in Sources */ = {isa = PBXBuildFile; fileRef = C433D08727D012CF00085882 /* SwiftUI_IntermediateApp.swift */; };
		C433D09B27D012D100085882 /* Assets.xcassets in Resources */ = {isa = PBXBuildFile; fileRef = C433D08927D012D100085882 /* Assets.xcassets */; };
		C433D09C27D012D100085882 /* Assets.xcassets in Resources */ = {isa = PBXBuildFile; fileRef = C433D08927D012D100085882 /* Assets.xcassets */; };
		C4E5E1C427D0B3CD0058E8AF /* AlbumModel.swift in Sources */ = {isa = PBXBuildFile; fileRef = C4E5E1C327D0B3CD0058E8AF /* AlbumModel.swift */; };
		C4E5E1C527D0B3CD0058E8AF /* AlbumModel.swift in Sources */ = {isa = PBXBuildFile; fileRef = C4E5E1C327D0B3CD0058E8AF /* AlbumModel.swift */; };
/* End PBXBuildFile section */

/* Begin PBXFileReference section */
		3E277FC52BBBF5B000AF3A15 /* ProfileViewModel.swift */ = {isa = PBXFileReference; lastKnownFileType = sourcecode.swift; path = ProfileViewModel.swift; sourceTree = "<group>"; };
		3E3ECCEC2BBD4A61008E9DC8 /* Styles.swift */ = {isa = PBXFileReference; lastKnownFileType = sourcecode.swift; path = Styles.swift; sourceTree = "<group>"; };
		3EF134EC2BBD69A80081B4BF /* UIImagePickerController.swift */ = {isa = PBXFileReference; lastKnownFileType = sourcecode.swift; path = UIImagePickerController.swift; sourceTree = "<group>"; };
		91D5986927DAA09E0044227E /* ProfileView.swift */ = {isa = PBXFileReference; lastKnownFileType = sourcecode.swift; path = ProfileView.swift; sourceTree = "<group>"; };
		C433D08727D012CF00085882 /* SwiftUI_IntermediateApp.swift */ = {isa = PBXFileReference; lastKnownFileType = sourcecode.swift; path = SwiftUI_IntermediateApp.swift; sourceTree = "<group>"; };
		C433D08927D012D100085882 /* Assets.xcassets */ = {isa = PBXFileReference; lastKnownFileType = folder.assetcatalog; path = Assets.xcassets; sourceTree = "<group>"; };
		C433D08E27D012D100085882 /* SwiftUI-Intermediate.app */ = {isa = PBXFileReference; explicitFileType = wrapper.application; includeInIndex = 0; path = "SwiftUI-Intermediate.app"; sourceTree = BUILT_PRODUCTS_DIR; };
		C433D09427D012D100085882 /* SwiftUI-Intermediate.app */ = {isa = PBXFileReference; explicitFileType = wrapper.application; includeInIndex = 0; path = "SwiftUI-Intermediate.app"; sourceTree = BUILT_PRODUCTS_DIR; };
		C433D09627D012D100085882 /* macOS.entitlements */ = {isa = PBXFileReference; lastKnownFileType = text.plist.entitlements; path = macOS.entitlements; sourceTree = "<group>"; };
		C4E5E1C327D0B3CD0058E8AF /* AlbumModel.swift */ = {isa = PBXFileReference; lastKnownFileType = sourcecode.swift; path = AlbumModel.swift; sourceTree = "<group>"; };
/* End PBXFileReference section */

/* Begin PBXFrameworksBuildPhase section */
		C433D08B27D012D100085882 /* Frameworks */ = {
			isa = PBXFrameworksBuildPhase;
			buildActionMask = 2147483647;
			files = (
			);
			runOnlyForDeploymentPostprocessing = 0;
		};
		C433D09127D012D100085882 /* Frameworks */ = {
			isa = PBXFrameworksBuildPhase;
			buildActionMask = 2147483647;
			files = (
			);
			runOnlyForDeploymentPostprocessing = 0;
		};
/* End PBXFrameworksBuildPhase section */

/* Begin PBXGroup section */
		3E3ECCEB2BBD4A4A008E9DC8 /* Custom Components */ = {
			isa = PBXGroup;
			children = (
				3E3ECCEC2BBD4A61008E9DC8 /* Styles.swift */,
				3EF134EC2BBD69A80081B4BF /* UIImagePickerController.swift */,
			);
			path = "Custom Components";
			sourceTree = "<group>";
		};
		C433D08127D012CE00085882 = {
			isa = PBXGroup;
			children = (
				C433D08627D012CF00085882 /* Shared */,
				C433D09527D012D100085882 /* macOS */,
				C433D08F27D012D100085882 /* Products */,
			);
			sourceTree = "<group>";
		};
		C433D08627D012CF00085882 /* Shared */ = {
			isa = PBXGroup;
			children = (
				C433D08727D012CF00085882 /* SwiftUI_IntermediateApp.swift */,
				C4605E3B27D110B7001C596A /* Main */,
				C433D08927D012D100085882 /* Assets.xcassets */,
			);
			path = Shared;
			sourceTree = "<group>";
		};
		C433D08F27D012D100085882 /* Products */ = {
			isa = PBXGroup;
			children = (
				C433D08E27D012D100085882 /* SwiftUI-Intermediate.app */,
				C433D09427D012D100085882 /* SwiftUI-Intermediate.app */,
			);
			name = Products;
			sourceTree = "<group>";
		};
		C433D09527D012D100085882 /* macOS */ = {
			isa = PBXGroup;
			children = (
				C433D09627D012D100085882 /* macOS.entitlements */,
			);
			path = macOS;
			sourceTree = "<group>";
		};
		C4605E3B27D110B7001C596A /* Main */ = {
			isa = PBXGroup;
			children = (
				3E3ECCEB2BBD4A4A008E9DC8 /* Custom Components */,
				C4605E3E27D110EE001C596A /* Model */,
				C4605E3D27D110CF001C596A /* Modules */,
			);
			path = Main;
			sourceTree = "<group>";
		};
		C4605E3D27D110CF001C596A /* Modules */ = {
			isa = PBXGroup;
			children = (
				91D5986927DAA09E0044227E /* ProfileView.swift */,
				3E277FC52BBBF5B000AF3A15 /* ProfileViewModel.swift */,
			);
			path = Modules;
			sourceTree = "<group>";
		};
		C4605E3E27D110EE001C596A /* Model */ = {
			isa = PBXGroup;
			children = (
				C4E5E1C327D0B3CD0058E8AF /* AlbumModel.swift */,
			);
			path = Model;
			sourceTree = "<group>";
		};
/* End PBXGroup section */

/* Begin PBXNativeTarget section */
		C433D08D27D012D100085882 /* SwiftUI-Intermediate (iOS) */ = {
			isa = PBXNativeTarget;
			buildConfigurationList = C433D09F27D012D100085882 /* Build configuration list for PBXNativeTarget "SwiftUI-Intermediate (iOS)" */;
			buildPhases = (
				C433D08A27D012D100085882 /* Sources */,
				C433D08B27D012D100085882 /* Frameworks */,
				C433D08C27D012D100085882 /* Resources */,
			);
			buildRules = (
			);
			dependencies = (
			);
			name = "SwiftUI-Intermediate (iOS)";
			productName = "SwiftUI-Intermediate (iOS)";
			productReference = C433D08E27D012D100085882 /* SwiftUI-Intermediate.app */;
			productType = "com.apple.product-type.application";
		};
		C433D09327D012D100085882 /* SwiftUI-Intermediate (macOS) */ = {
			isa = PBXNativeTarget;
			buildConfigurationList = C433D0A227D012D100085882 /* Build configuration list for PBXNativeTarget "SwiftUI-Intermediate (macOS)" */;
			buildPhases = (
				C433D09027D012D100085882 /* Sources */,
				C433D09127D012D100085882 /* Frameworks */,
				C433D09227D012D100085882 /* Resources */,
			);
			buildRules = (
			);
			dependencies = (
			);
			name = "SwiftUI-Intermediate (macOS)";
			productName = "SwiftUI-Intermediate (macOS)";
			productReference = C433D09427D012D100085882 /* SwiftUI-Intermediate.app */;
			productType = "com.apple.product-type.application";
		};
/* End PBXNativeTarget section */

/* Begin PBXProject section */
		C433D08227D012CE00085882 /* Project object */ = {
			isa = PBXProject;
			attributes = {
				BuildIndependentTargetsInParallel = 1;
				LastSwiftUpdateCheck = 1320;
				LastUpgradeCheck = 1530;
				TargetAttributes = {
					C433D08D27D012D100085882 = {
						CreatedOnToolsVersion = 13.2.1;
					};
					C433D09327D012D100085882 = {
						CreatedOnToolsVersion = 13.2.1;
					};
				};
			};
			buildConfigurationList = C433D08527D012CE00085882 /* Build configuration list for PBXProject "SwiftUI-Intermediate" */;
			compatibilityVersion = "Xcode 13.0";
			developmentRegion = en;
			hasScannedForEncodings = 0;
			knownRegions = (
				en,
				Base,
			);
			mainGroup = C433D08127D012CE00085882;
			productRefGroup = C433D08F27D012D100085882 /* Products */;
			projectDirPath = "";
			projectRoot = "";
			targets = (
				C433D08D27D012D100085882 /* SwiftUI-Intermediate (iOS) */,
				C433D09327D012D100085882 /* SwiftUI-Intermediate (macOS) */,
			);
		};
/* End PBXProject section */

/* Begin PBXResourcesBuildPhase section */
		C433D08C27D012D100085882 /* Resources */ = {
			isa = PBXResourcesBuildPhase;
			buildActionMask = 2147483647;
			files = (
				C433D09B27D012D100085882 /* Assets.xcassets in Resources */,
			);
			runOnlyForDeploymentPostprocessing = 0;
		};
		C433D09227D012D100085882 /* Resources */ = {
			isa = PBXResourcesBuildPhase;
			buildActionMask = 2147483647;
			files = (
				C433D09C27D012D100085882 /* Assets.xcassets in Resources */,
			);
			runOnlyForDeploymentPostprocessing = 0;
		};
/* End PBXResourcesBuildPhase section */

/* Begin PBXSourcesBuildPhase section */
		C433D08A27D012D100085882 /* Sources */ = {
			isa = PBXSourcesBuildPhase;
			buildActionMask = 2147483647;
			files = (
				C4E5E1C427D0B3CD0058E8AF /* AlbumModel.swift in Sources */,
				3E3ECCED2BBD4A61008E9DC8 /* Styles.swift in Sources */,
				C433D09727D012D100085882 /* SwiftUI_IntermediateApp.swift in Sources */,
				3E277FC62BBBF5B000AF3A15 /* ProfileViewModel.swift in Sources */,
				91D5986A27DAA09E0044227E /* ProfileView.swift in Sources */,
				3EF134ED2BBD69A80081B4BF /* UIImagePickerController.swift in Sources */,
			);
			runOnlyForDeploymentPostprocessing = 0;
		};
		C433D09027D012D100085882 /* Sources */ = {
			isa = PBXSourcesBuildPhase;
			buildActionMask = 2147483647;
			files = (
				C4E5E1C527D0B3CD0058E8AF /* AlbumModel.swift in Sources */,
				C433D09827D012D100085882 /* SwiftUI_IntermediateApp.swift in Sources */,
				3E277FC72BBBF5B000AF3A15 /* ProfileViewModel.swift in Sources */,
				91D5986B27DAA09E0044227E /* ProfileView.swift in Sources */,
			);
			runOnlyForDeploymentPostprocessing = 0;
		};
/* End PBXSourcesBuildPhase section */

/* Begin XCBuildConfiguration section */
		C433D09D27D012D100085882 /* Debug */ = {
			isa = XCBuildConfiguration;
			buildSettings = {
				ALWAYS_SEARCH_USER_PATHS = NO;
				CLANG_ANALYZER_NONNULL = YES;
				CLANG_ANALYZER_NUMBER_OBJECT_CONVERSION = YES_AGGRESSIVE;
				CLANG_CXX_LANGUAGE_STANDARD = "gnu++17";
				CLANG_CXX_LIBRARY = "libc++";
				CLANG_ENABLE_MODULES = YES;
				CLANG_ENABLE_OBJC_ARC = YES;
				CLANG_ENABLE_OBJC_WEAK = YES;
				CLANG_WARN_BLOCK_CAPTURE_AUTORELEASING = YES;
				CLANG_WARN_BOOL_CONVERSION = YES;
				CLANG_WARN_COMMA = YES;
				CLANG_WARN_CONSTANT_CONVERSION = YES;
				CLANG_WARN_DEPRECATED_OBJC_IMPLEMENTATIONS = YES;
				CLANG_WARN_DIRECT_OBJC_ISA_USAGE = YES_ERROR;
				CLANG_WARN_DOCUMENTATION_COMMENTS = YES;
				CLANG_WARN_EMPTY_BODY = YES;
				CLANG_WARN_ENUM_CONVERSION = YES;
				CLANG_WARN_INFINITE_RECURSION = YES;
				CLANG_WARN_INT_CONVERSION = YES;
				CLANG_WARN_NON_LITERAL_NULL_CONVERSION = YES;
				CLANG_WARN_OBJC_IMPLICIT_RETAIN_SELF = YES;
				CLANG_WARN_OBJC_LITERAL_CONVERSION = YES;
				CLANG_WARN_OBJC_ROOT_CLASS = YES_ERROR;
				CLANG_WARN_QUOTED_INCLUDE_IN_FRAMEWORK_HEADER = YES;
				CLANG_WARN_RANGE_LOOP_ANALYSIS = YES;
				CLANG_WARN_STRICT_PROTOTYPES = YES;
				CLANG_WARN_SUSPICIOUS_MOVE = YES;
				CLANG_WARN_UNGUARDED_AVAILABILITY = YES_AGGRESSIVE;
				CLANG_WARN_UNREACHABLE_CODE = YES;
				CLANG_WARN__DUPLICATE_METHOD_MATCH = YES;
				COPY_PHASE_STRIP = NO;
				DEAD_CODE_STRIPPING = YES;
				DEBUG_INFORMATION_FORMAT = dwarf;
				ENABLE_STRICT_OBJC_MSGSEND = YES;
				ENABLE_TESTABILITY = YES;
				ENABLE_USER_SCRIPT_SANDBOXING = YES;
				GCC_C_LANGUAGE_STANDARD = gnu11;
				GCC_DYNAMIC_NO_PIC = NO;
				GCC_NO_COMMON_BLOCKS = YES;
				GCC_OPTIMIZATION_LEVEL = 0;
				GCC_PREPROCESSOR_DEFINITIONS = (
					"DEBUG=1",
					"$(inherited)",
				);
				GCC_WARN_64_TO_32_BIT_CONVERSION = YES;
				GCC_WARN_ABOUT_RETURN_TYPE = YES_ERROR;
				GCC_WARN_UNDECLARED_SELECTOR = YES;
				GCC_WARN_UNINITIALIZED_AUTOS = YES_AGGRESSIVE;
				GCC_WARN_UNUSED_FUNCTION = YES;
				GCC_WARN_UNUSED_VARIABLE = YES;
				MTL_ENABLE_DEBUG_INFO = INCLUDE_SOURCE;
				MTL_FAST_MATH = YES;
				ONLY_ACTIVE_ARCH = YES;
				SWIFT_ACTIVE_COMPILATION_CONDITIONS = DEBUG;
				SWIFT_OPTIMIZATION_LEVEL = "-Onone";
			};
			name = Debug;
		};
		C433D09E27D012D100085882 /* Release */ = {
			isa = XCBuildConfiguration;
			buildSettings = {
				ALWAYS_SEARCH_USER_PATHS = NO;
				CLANG_ANALYZER_NONNULL = YES;
				CLANG_ANALYZER_NUMBER_OBJECT_CONVERSION = YES_AGGRESSIVE;
				CLANG_CXX_LANGUAGE_STANDARD = "gnu++17";
				CLANG_CXX_LIBRARY = "libc++";
				CLANG_ENABLE_MODULES = YES;
				CLANG_ENABLE_OBJC_ARC = YES;
				CLANG_ENABLE_OBJC_WEAK = YES;
				CLANG_WARN_BLOCK_CAPTURE_AUTORELEASING = YES;
				CLANG_WARN_BOOL_CONVERSION = YES;
				CLANG_WARN_COMMA = YES;
				CLANG_WARN_CONSTANT_CONVERSION = YES;
				CLANG_WARN_DEPRECATED_OBJC_IMPLEMENTATIONS = YES;
				CLANG_WARN_DIRECT_OBJC_ISA_USAGE = YES_ERROR;
				CLANG_WARN_DOCUMENTATION_COMMENTS = YES;
				CLANG_WARN_EMPTY_BODY = YES;
				CLANG_WARN_ENUM_CONVERSION = YES;
				CLANG_WARN_INFINITE_RECURSION = YES;
				CLANG_WARN_INT_CONVERSION = YES;
				CLANG_WARN_NON_LITERAL_NULL_CONVERSION = YES;
				CLANG_WARN_OBJC_IMPLICIT_RETAIN_SELF = YES;
				CLANG_WARN_OBJC_LITERAL_CONVERSION = YES;
				CLANG_WARN_OBJC_ROOT_CLASS = YES_ERROR;
				CLANG_WARN_QUOTED_INCLUDE_IN_FRAMEWORK_HEADER = YES;
				CLANG_WARN_RANGE_LOOP_ANALYSIS = YES;
				CLANG_WARN_STRICT_PROTOTYPES = YES;
				CLANG_WARN_SUSPICIOUS_MOVE = YES;
				CLANG_WARN_UNGUARDED_AVAILABILITY = YES_AGGRESSIVE;
				CLANG_WARN_UNREACHABLE_CODE = YES;
				CLANG_WARN__DUPLICATE_METHOD_MATCH = YES;
				COPY_PHASE_STRIP = NO;
				DEAD_CODE_STRIPPING = YES;
				DEBUG_INFORMATION_FORMAT = "dwarf-with-dsym";
				ENABLE_NS_ASSERTIONS = NO;
				ENABLE_STRICT_OBJC_MSGSEND = YES;
				ENABLE_USER_SCRIPT_SANDBOXING = YES;
				GCC_C_LANGUAGE_STANDARD = gnu11;
				GCC_NO_COMMON_BLOCKS = YES;
				GCC_WARN_64_TO_32_BIT_CONVERSION = YES;
				GCC_WARN_ABOUT_RETURN_TYPE = YES_ERROR;
				GCC_WARN_UNDECLARED_SELECTOR = YES;
				GCC_WARN_UNINITIALIZED_AUTOS = YES_AGGRESSIVE;
				GCC_WARN_UNUSED_FUNCTION = YES;
				GCC_WARN_UNUSED_VARIABLE = YES;
				MTL_ENABLE_DEBUG_INFO = NO;
				MTL_FAST_MATH = YES;
				SWIFT_COMPILATION_MODE = wholemodule;
				SWIFT_OPTIMIZATION_LEVEL = "-O";
			};
			name = Release;
		};
		C433D0A027D012D100085882 /* Debug */ = {
			isa = XCBuildConfiguration;
			buildSettings = {
				ASSETCATALOG_COMPILER_APPICON_NAME = AppIcon;
				ASSETCATALOG_COMPILER_GLOBAL_ACCENT_COLOR_NAME = AccentColor;
				CODE_SIGN_STYLE = Automatic;
				CURRENT_PROJECT_VERSION = 1;
				ENABLE_PREVIEWS = YES;
				GENERATE_INFOPLIST_FILE = YES;
				INFOPLIST_KEY_UIApplicationSceneManifest_Generation = YES;
				INFOPLIST_KEY_UIApplicationSupportsIndirectInputEvents = YES;
				INFOPLIST_KEY_UILaunchScreen_Generation = YES;
				INFOPLIST_KEY_UISupportedInterfaceOrientations_iPad = "UIInterfaceOrientationPortrait UIInterfaceOrientationPortraitUpsideDown UIInterfaceOrientationLandscapeLeft UIInterfaceOrientationLandscapeRight";
				INFOPLIST_KEY_UISupportedInterfaceOrientations_iPhone = "UIInterfaceOrientationPortrait UIInterfaceOrientationLandscapeLeft UIInterfaceOrientationLandscapeRight";
				IPHONEOS_DEPLOYMENT_TARGET = 15.3;
				LD_RUNPATH_SEARCH_PATHS = (
					"$(inherited)",
					"@executable_path/Frameworks",
				);
				MARKETING_VERSION = 1.0;
				PRODUCT_BUNDLE_IDENTIFIER = "NTTData.SwiftUI-Intermediate";
				PRODUCT_NAME = "SwiftUI-Intermediate";
				SDKROOT = iphoneos;
				SWIFT_EMIT_LOC_STRINGS = YES;
				SWIFT_VERSION = 5.0;
				TARGETED_DEVICE_FAMILY = "1,2";
			};
			name = Debug;
		};
		C433D0A127D012D100085882 /* Release */ = {
			isa = XCBuildConfiguration;
			buildSettings = {
				ASSETCATALOG_COMPILER_APPICON_NAME = AppIcon;
				ASSETCATALOG_COMPILER_GLOBAL_ACCENT_COLOR_NAME = AccentColor;
				CODE_SIGN_STYLE = Automatic;
				CURRENT_PROJECT_VERSION = 1;
				ENABLE_PREVIEWS = YES;
				GENERATE_INFOPLIST_FILE = YES;
				INFOPLIST_KEY_UIApplicationSceneManifest_Generation = YES;
				INFOPLIST_KEY_UIApplicationSupportsIndirectInputEvents = YES;
				INFOPLIST_KEY_UILaunchScreen_Generation = YES;
				INFOPLIST_KEY_UISupportedInterfaceOrientations_iPad = "UIInterfaceOrientationPortrait UIInterfaceOrientationPortraitUpsideDown UIInterfaceOrientationLandscapeLeft UIInterfaceOrientationLandscapeRight";
				INFOPLIST_KEY_UISupportedInterfaceOrientations_iPhone = "UIInterfaceOrientationPortrait UIInterfaceOrientationLandscapeLeft UIInterfaceOrientationLandscapeRight";
				IPHONEOS_DEPLOYMENT_TARGET = 15.3;
				LD_RUNPATH_SEARCH_PATHS = (
					"$(inherited)",
					"@executable_path/Frameworks",
				);
				MARKETING_VERSION = 1.0;
				PRODUCT_BUNDLE_IDENTIFIER = "NTTData.SwiftUI-Intermediate";
				PRODUCT_NAME = "SwiftUI-Intermediate";
				SDKROOT = iphoneos;
				SWIFT_EMIT_LOC_STRINGS = YES;
				SWIFT_VERSION = 5.0;
				TARGETED_DEVICE_FAMILY = "1,2";
				VALIDATE_PRODUCT = YES;
			};
			name = Release;
		};
		C433D0A327D012D100085882 /* Debug */ = {
			isa = XCBuildConfiguration;
			buildSettings = {
				ASSETCATALOG_COMPILER_APPICON_NAME = AppIcon;
				ASSETCATALOG_COMPILER_GLOBAL_ACCENT_COLOR_NAME = AccentColor;
				CODE_SIGN_ENTITLEMENTS = macOS/macOS.entitlements;
				CODE_SIGN_STYLE = Automatic;
				COMBINE_HIDPI_IMAGES = YES;
				CURRENT_PROJECT_VERSION = 1;
				DEAD_CODE_STRIPPING = YES;
				ENABLE_PREVIEWS = YES;
				GENERATE_INFOPLIST_FILE = YES;
				INFOPLIST_KEY_NSHumanReadableCopyright = "";
				LD_RUNPATH_SEARCH_PATHS = (
					"$(inherited)",
					"@executable_path/../Frameworks",
				);
				MACOSX_DEPLOYMENT_TARGET = 12.1;
				MARKETING_VERSION = 1.0;
				PRODUCT_BUNDLE_IDENTIFIER = "NTTData.SwiftUI-Intermediate";
				PRODUCT_NAME = "SwiftUI-Intermediate";
				SDKROOT = macosx;
				SWIFT_EMIT_LOC_STRINGS = YES;
				SWIFT_VERSION = 5.0;
			};
			name = Debug;
		};
		C433D0A427D012D100085882 /* Release */ = {
			isa = XCBuildConfiguration;
			buildSettings = {
				ASSETCATALOG_COMPILER_APPICON_NAME = AppIcon;
				ASSETCATALOG_COMPILER_GLOBAL_ACCENT_COLOR_NAME = AccentColor;
				CODE_SIGN_ENTITLEMENTS = macOS/macOS.entitlements;
				CODE_SIGN_STYLE = Automatic;
				COMBINE_HIDPI_IMAGES = YES;
				CURRENT_PROJECT_VERSION = 1;
				DEAD_CODE_STRIPPING = YES;
				ENABLE_PREVIEWS = YES;
				GENERATE_INFOPLIST_FILE = YES;
				INFOPLIST_KEY_NSHumanReadableCopyright = "";
				LD_RUNPATH_SEARCH_PATHS = (
					"$(inherited)",
					"@executable_path/../Frameworks",
				);
				MACOSX_DEPLOYMENT_TARGET = 12.1;
				MARKETING_VERSION = 1.0;
				PRODUCT_BUNDLE_IDENTIFIER = "NTTData.SwiftUI-Intermediate";
				PRODUCT_NAME = "SwiftUI-Intermediate";
				SDKROOT = macosx;
				SWIFT_EMIT_LOC_STRINGS = YES;
				SWIFT_VERSION = 5.0;
			};
			name = Release;
		};
/* End XCBuildConfiguration section */

/* Begin XCConfigurationList section */
		C433D08527D012CE00085882 /* Build configuration list for PBXProject "SwiftUI-Intermediate" */ = {
			isa = XCConfigurationList;
			buildConfigurations = (
				C433D09D27D012D100085882 /* Debug */,
				C433D09E27D012D100085882 /* Release */,
			);
			defaultConfigurationIsVisible = 0;
			defaultConfigurationName = Release;
		};
		C433D09F27D012D100085882 /* Build configuration list for PBXNativeTarget "SwiftUI-Intermediate (iOS)" */ = {
			isa = XCConfigurationList;
			buildConfigurations = (
				C433D0A027D012D100085882 /* Debug */,
				C433D0A127D012D100085882 /* Release */,
			);
			defaultConfigurationIsVisible = 0;
			defaultConfigurationName = Release;
		};
		C433D0A227D012D100085882 /* Build configuration list for PBXNativeTarget "SwiftUI-Intermediate (macOS)" */ = {
			isa = XCConfigurationList;
			buildConfigurations = (
				C433D0A327D012D100085882 /* Debug */,
				C433D0A427D012D100085882 /* Release */,
			);
			defaultConfigurationIsVisible = 0;
			defaultConfigurationName = Release;
		};
/* End XCConfigurationList section */
	};
	rootObject = C433D08227D012CE00085882 /* Project object */;
}
